{
  "nodes": {
    "atuinToFc": {
      "inputs": {
        "flake-utils": "flake-utils",
        "gomod2nix": "gomod2nix",
        "nixpkgs": [
          "nixpkgs"
        ]
      },
      "locked": {
        "lastModified": 1763089596,
        "narHash": "sha256-tAN/HIgPszLcL29ZkP5l0mH7+L3p3eDRIMBA5/RFXYc=",
        "owner": "mbish",
        "repo": "atuin-to-fc",
        "rev": "6ef0ce97b8796e69caff8a448dfb54efd57a091f",
        "type": "github"
      },
      "original": {
        "owner": "mbish",
        "repo": "atuin-to-fc",
        "type": "github"
      }
    },
    "flake-utils": {
      "inputs": {
        "systems": "systems"
      },
      "locked": {
        "lastModified": 1731533236,
        "narHash": "sha256-l0KFg5HjrsfsO/JpG+r7fRrqm12kzFHyUHqHCVpMMbI=",
        "owner": "numtide",
        "repo": "flake-utils",
        "rev": "11707dc2f618dd54ca8739b309ec4fc024de578b",
        "type": "github"
      },
      "original": {
        "owner": "numtide",
        "repo": "flake-utils",
        "type": "github"
      }
    },
    "flake-utils_2": {
      "inputs": {
        "systems": "systems_2"
      },
      "locked": {
        "lastModified": 1731533236,
        "narHash": "sha256-l0KFg5HjrsfsO/JpG+r7fRrqm12kzFHyUHqHCVpMMbI=",
        "owner": "numtide",
        "repo": "flake-utils",
        "rev": "11707dc2f618dd54ca8739b309ec4fc024de578b",
        "type": "github"
      },
      "original": {
        "owner": "numtide",
        "repo": "flake-utils",
        "type": "github"
      }
    },
    "gomod2nix": {
      "inputs": {
        "flake-utils": [
          "atuinToFc",
          "flake-utils"
        ],
        "nixpkgs": [
          "atuinToFc",
          "nixpkgs"
        ]
      },
      "locked": {
        "lastModified": 1759991118,
        "narHash": "sha256-pDyrtUQyeP1lVTMIYqJtftzDtsXEZaJjYy9ZQ/SGhL8=",
        "owner": "nix-community",
        "repo": "gomod2nix",
        "rev": "7f8d7438f5870eb167abaf2c39eea3d2302019d1",
        "type": "github"
      },
      "original": {
        "owner": "nix-community",
        "repo": "gomod2nix",
        "type": "github"
      }
    },
    "nixpkgs": {
      "locked": {
        "lastModified": 1762977756,
        "narHash": "sha256-4PqRErxfe+2toFJFgcRKZ0UI9NSIOJa+7RXVtBhy4KE=",
        "owner": "nixos",
        "repo": "nixpkgs",
        "rev": "c5ae371f1a6a7fd27823bc500d9390b38c05fa55",
        "type": "github"
      },
      "original": {
        "owner": "nixos",
        "ref": "nixos-unstable",
        "repo": "nixpkgs",
        "type": "github"
      }
    },
    "root": {
      "inputs": {
        "atuinToFc": "atuinToFc",
        "flake-utils": "flake-utils_2",
        "nixpkgs": "nixpkgs",
        "zsh-notify": "zsh-notify"
      }
    },
    "systems": {
      "locked": {
        "lastModified": 1681028828,
        "narHash": "sha256-Vy1rq5AaRuLzOxct8nz4T6wlgyUR7zLU309k9mBC768=",
        "owner": "nix-systems",
        "repo": "default",
        "rev": "da67096a3b9bf56a91d16901293e51ba5b49a27e",
        "type": "github"
      },
      "original": {
        "owner": "nix-systems",
        "repo": "default",
        "type": "github"
      }
    },
    "systems_2": {
      "locked": {
        "lastModified": 1681028828,
        "narHash": "sha256-Vy1rq5AaRuLzOxct8nz4T6wlgyUR7zLU309k9mBC768=",
        "owner": "nix-systems",
        "repo": "default",
        "rev": "da67096a3b9bf56a91d16901293e51ba5b49a27e",
        "type": "github"
      },
      "original": {
        "owner": "nix-systems",
        "repo": "default",
        "type": "github"
      }
    },
    "zsh-notify": {
      "flake": false,
      "locked": {
        "lastModified": 1682877959,
        "narHash": "sha256-ovmnl+V1B7J/yav0ep4qVqlZOD3Ex8sfrkC92dXPLFI=",
        "owner": "marzocchi",
        "repo": "zsh-notify",
        "rev": "9c1dac81a48ec85d742ebf236172b4d92aab2f3f",
        "type": "github"
      },
      "original": {
        "owner": "marzocchi",
        "repo": "zsh-notify",
        "type": "github"
      }
    }
  },
  "root": "root",
  "version": 7
}
